// !$*UTF8*$!
{
	archiveVersion = 1;
	classes = {
	};
	objectVersion = 55;
	objects = {

/* Begin PBXBuildFile section */
		B51704BD2820CEDD00D79332 /* MainCenterView.swift in Sources */ = {isa = PBXBuildFile; fileRef = B51704BC2820CEDD00D79332 /* MainCenterView.swift */; };
		B52CE3DC2834E1310022FBC7 /* DashBoardView.swift in Sources */ = {isa = PBXBuildFile; fileRef = B52CE3DB2834E1310022FBC7 /* DashBoardView.swift */; };
		B54F2BB928221AB40076052E /* TreeView.swift in Sources */ = {isa = PBXBuildFile; fileRef = B54F2BB828221AB40076052E /* TreeView.swift */; };
		B54F2BBB28221ADF0076052E /* TimerView.swift in Sources */ = {isa = PBXBuildFile; fileRef = B54F2BBA28221ADF0076052E /* TimerView.swift */; };
		B54F2BBE282256020076052E /* Prac.swift in Sources */ = {isa = PBXBuildFile; fileRef = B54F2BBD282256020076052E /* Prac.swift */; };
		B5925BAC281BE9F400831C65 /* flexible_pomodoroApp.swift in Sources */ = {isa = PBXBuildFile; fileRef = B5925BAB281BE9F400831C65 /* flexible_pomodoroApp.swift */; };
		B5925BB0281BE9F700831C65 /* Assets.xcassets in Resources */ = {isa = PBXBuildFile; fileRef = B5925BAF281BE9F700831C65 /* Assets.xcassets */; };
		B5925BB3281BE9F700831C65 /* Preview Assets.xcassets in Resources */ = {isa = PBXBuildFile; fileRef = B5925BB2281BE9F700831C65 /* Preview Assets.xcassets */; };
		B5925BB5281BE9F700831C65 /* Persistence.swift in Sources */ = {isa = PBXBuildFile; fileRef = B5925BB4281BE9F700831C65 /* Persistence.swift */; };
		B5925BB8281BE9F700831C65 /* flexible_pomodoro.xcdatamodeld in Sources */ = {isa = PBXBuildFile; fileRef = B5925BB6281BE9F700831C65 /* flexible_pomodoro.xcdatamodeld */; };
		B5925BC2281BE9F700831C65 /* flexible_pomodoroTests.swift in Sources */ = {isa = PBXBuildFile; fileRef = B5925BC1281BE9F700831C65 /* flexible_pomodoroTests.swift */; };
		B5925BCC281BE9F700831C65 /* flexible_pomodoroUITests.swift in Sources */ = {isa = PBXBuildFile; fileRef = B5925BCB281BE9F700831C65 /* flexible_pomodoroUITests.swift */; };
		B5925BCE281BE9F700831C65 /* flexible_pomodoroUITestsLaunchTests.swift in Sources */ = {isa = PBXBuildFile; fileRef = B5925BCD281BE9F700831C65 /* flexible_pomodoroUITestsLaunchTests.swift */; };
		B5925BDB281BEC6A00831C65 /* MainView.swift in Sources */ = {isa = PBXBuildFile; fileRef = B5925BDA281BEC6A00831C65 /* MainView.swift */; };
		B5925BDD281D45B900831C65 /* Model.swift in Sources */ = {isa = PBXBuildFile; fileRef = B5925BDC281D45B900831C65 /* Model.swift */; };
/* End PBXBuildFile section */

/* Begin PBXContainerItemProxy section */
		B5925BBE281BE9F700831C65 /* PBXContainerItemProxy */ = {
			isa = PBXContainerItemProxy;
			containerPortal = B5925BA0281BE9F400831C65 /* Project object */;
			proxyType = 1;
			remoteGlobalIDString = B5925BA7281BE9F400831C65;
			remoteInfo = flexible_pomodoro;
		};
		B5925BC8281BE9F700831C65 /* PBXContainerItemProxy */ = {
			isa = PBXContainerItemProxy;
			containerPortal = B5925BA0281BE9F400831C65 /* Project object */;
			proxyType = 1;
			remoteGlobalIDString = B5925BA7281BE9F400831C65;
			remoteInfo = flexible_pomodoro;
		};
/* End PBXContainerItemProxy section */

/* Begin PBXFileReference section */
		B51704BC2820CEDD00D79332 /* MainCenterView.swift */ = {isa = PBXFileReference; lastKnownFileType = sourcecode.swift; path = MainCenterView.swift; sourceTree = "<group>"; };
		B52CE3DB2834E1310022FBC7 /* DashBoardView.swift */ = {isa = PBXFileReference; lastKnownFileType = sourcecode.swift; path = DashBoardView.swift; sourceTree = "<group>"; };
		B54F2BB828221AB40076052E /* TreeView.swift */ = {isa = PBXFileReference; lastKnownFileType = sourcecode.swift; path = TreeView.swift; sourceTree = "<group>"; };
		B54F2BBA28221ADF0076052E /* TimerView.swift */ = {isa = PBXFileReference; lastKnownFileType = sourcecode.swift; path = TimerView.swift; sourceTree = "<group>"; };
		B54F2BBC2822535A0076052E /* flexible-pomodoro-Info.plist */ = {isa = PBXFileReference; lastKnownFileType = text.plist; path = "flexible-pomodoro-Info.plist"; sourceTree = SOURCE_ROOT; };
		B54F2BBD282256020076052E /* Prac.swift */ = {isa = PBXFileReference; lastKnownFileType = sourcecode.swift; path = Prac.swift; sourceTree = "<group>"; };
		B5925BA8281BE9F400831C65 /* flexible_pomodoro.app */ = {isa = PBXFileReference; explicitFileType = wrapper.application; includeInIndex = 0; path = flexible_pomodoro.app; sourceTree = BUILT_PRODUCTS_DIR; };
		B5925BAB281BE9F400831C65 /* flexible_pomodoroApp.swift */ = {isa = PBXFileReference; lastKnownFileType = sourcecode.swift; path = flexible_pomodoroApp.swift; sourceTree = "<group>"; };
		B5925BAF281BE9F700831C65 /* Assets.xcassets */ = {isa = PBXFileReference; lastKnownFileType = folder.assetcatalog; path = Assets.xcassets; sourceTree = "<group>"; };
		B5925BB2281BE9F700831C65 /* Preview Assets.xcassets */ = {isa = PBXFileReference; lastKnownFileType = folder.assetcatalog; path = "Preview Assets.xcassets"; sourceTree = "<group>"; };
		B5925BB4281BE9F700831C65 /* Persistence.swift */ = {isa = PBXFileReference; lastKnownFileType = sourcecode.swift; path = Persistence.swift; sourceTree = "<group>"; };
		B5925BB7281BE9F700831C65 /* flexible_pomodoro.xcdatamodel */ = {isa = PBXFileReference; lastKnownFileType = wrapper.xcdatamodel; path = flexible_pomodoro.xcdatamodel; sourceTree = "<group>"; };
		B5925BBD281BE9F700831C65 /* flexible_pomodoroTests.xctest */ = {isa = PBXFileReference; explicitFileType = wrapper.cfbundle; includeInIndex = 0; path = flexible_pomodoroTests.xctest; sourceTree = BUILT_PRODUCTS_DIR; };
		B5925BC1281BE9F700831C65 /* flexible_pomodoroTests.swift */ = {isa = PBXFileReference; lastKnownFileType = sourcecode.swift; path = flexible_pomodoroTests.swift; sourceTree = "<group>"; };
		B5925BC7281BE9F700831C65 /* flexible_pomodoroUITests.xctest */ = {isa = PBXFileReference; explicitFileType = wrapper.cfbundle; includeInIndex = 0; path = flexible_pomodoroUITests.xctest; sourceTree = BUILT_PRODUCTS_DIR; };
		B5925BCB281BE9F700831C65 /* flexible_pomodoroUITests.swift */ = {isa = PBXFileReference; lastKnownFileType = sourcecode.swift; path = flexible_pomodoroUITests.swift; sourceTree = "<group>"; };
		B5925BCD281BE9F700831C65 /* flexible_pomodoroUITestsLaunchTests.swift */ = {isa = PBXFileReference; lastKnownFileType = sourcecode.swift; path = flexible_pomodoroUITestsLaunchTests.swift; sourceTree = "<group>"; };
		B5925BDA281BEC6A00831C65 /* MainView.swift */ = {isa = PBXFileReference; lastKnownFileType = sourcecode.swift; path = MainView.swift; sourceTree = "<group>"; };
		B5925BDC281D45B900831C65 /* Model.swift */ = {isa = PBXFileReference; lastKnownFileType = sourcecode.swift; path = Model.swift; sourceTree = "<group>"; };
/* End PBXFileReference section */

/* Begin PBXFrameworksBuildPhase section */
		B5925BA5281BE9F400831C65 /* Frameworks */ = {
			isa = PBXFrameworksBuildPhase;
			buildActionMask = 2147483647;
			files = (
			);
			runOnlyForDeploymentPostprocessing = 0;
		};
		B5925BBA281BE9F700831C65 /* Frameworks */ = {
			isa = PBXFrameworksBuildPhase;
			buildActionMask = 2147483647;
			files = (
			);
			runOnlyForDeploymentPostprocessing = 0;
		};
		B5925BC4281BE9F700831C65 /* Frameworks */ = {
			isa = PBXFrameworksBuildPhase;
			buildActionMask = 2147483647;
			files = (
			);
			runOnlyForDeploymentPostprocessing = 0;
		};
/* End PBXFrameworksBuildPhase section */

/* Begin PBXGroup section */
		B51704BE2820D3E300D79332 /* Model */ = {
			isa = PBXGroup;
			children = (
				B5925BDC281D45B900831C65 /* Model.swift */,
			);
			path = Model;
			sourceTree = "<group>";
		};
		B51704BF2820D3ED00D79332 /* Views */ = {
			isa = PBXGroup;
			children = (
				B51704BC2820CEDD00D79332 /* MainCenterView.swift */,
				B5925BDA281BEC6A00831C65 /* MainView.swift */,
				B54F2BB828221AB40076052E /* TreeView.swift */,
				B54F2BBA28221ADF0076052E /* TimerView.swift */,
				B54F2BBD282256020076052E /* Prac.swift */,
				B52CE3DB2834E1310022FBC7 /* DashBoardView.swift */,
			);
			path = Views;
			sourceTree = "<group>";
		};
		B5925B9F281BE9F400831C65 = {
			isa = PBXGroup;
			children = (
				B5925BAA281BE9F400831C65 /* flexible_pomodoro */,
				B5925BC0281BE9F700831C65 /* flexible_pomodoroTests */,
				B5925BCA281BE9F700831C65 /* flexible_pomodoroUITests */,
				B5925BA9281BE9F400831C65 /* Products */,
			);
			sourceTree = "<group>";
		};
		B5925BA9281BE9F400831C65 /* Products */ = {
			isa = PBXGroup;
			children = (
				B5925BA8281BE9F400831C65 /* flexible_pomodoro.app */,
				B5925BBD281BE9F700831C65 /* flexible_pomodoroTests.xctest */,
				B5925BC7281BE9F700831C65 /* flexible_pomodoroUITests.xctest */,
			);
			name = Products;
			sourceTree = "<group>";
		};
		B5925BAA281BE9F400831C65 /* flexible_pomodoro */ = {
			isa = PBXGroup;
			children = (
				B54F2BBC2822535A0076052E /* flexible-pomodoro-Info.plist */,
				B51704BF2820D3ED00D79332 /* Views */,
				B51704BE2820D3E300D79332 /* Model */,
				B5925BAB281BE9F400831C65 /* flexible_pomodoroApp.swift */,
				B5925BAF281BE9F700831C65 /* Assets.xcassets */,
				B5925BB4281BE9F700831C65 /* Persistence.swift */,
				B5925BB6281BE9F700831C65 /* flexible_pomodoro.xcdatamodeld */,
				B5925BB1281BE9F700831C65 /* Preview Content */,
			);
			path = flexible_pomodoro;
			sourceTree = "<group>";
		};
		B5925BB1281BE9F700831C65 /* Preview Content */ = {
			isa = PBXGroup;
			children = (
				B5925BB2281BE9F700831C65 /* Preview Assets.xcassets */,
			);
			path = "Preview Content";
			sourceTree = "<group>";
		};
		B5925BC0281BE9F700831C65 /* flexible_pomodoroTests */ = {
			isa = PBXGroup;
			children = (
				B5925BC1281BE9F700831C65 /* flexible_pomodoroTests.swift */,
			);
			path = flexible_pomodoroTests;
			sourceTree = "<group>";
		};
		B5925BCA281BE9F700831C65 /* flexible_pomodoroUITests */ = {
			isa = PBXGroup;
			children = (
				B5925BCB281BE9F700831C65 /* flexible_pomodoroUITests.swift */,
				B5925BCD281BE9F700831C65 /* flexible_pomodoroUITestsLaunchTests.swift */,
			);
			path = flexible_pomodoroUITests;
			sourceTree = "<group>";
		};
/* End PBXGroup section */

/* Begin PBXNativeTarget section */
		B5925BA7281BE9F400831C65 /* flexible_pomodoro */ = {
			isa = PBXNativeTarget;
			buildConfigurationList = B5925BD1281BE9F700831C65 /* Build configuration list for PBXNativeTarget "flexible_pomodoro" */;
			buildPhases = (
				B5925BA4281BE9F400831C65 /* Sources */,
				B5925BA5281BE9F400831C65 /* Frameworks */,
				B5925BA6281BE9F400831C65 /* Resources */,
			);
			buildRules = (
			);
			dependencies = (
			);
			name = flexible_pomodoro;
			productName = flexible_pomodoro;
			productReference = B5925BA8281BE9F400831C65 /* flexible_pomodoro.app */;
			productType = "com.apple.product-type.application";
		};
		B5925BBC281BE9F700831C65 /* flexible_pomodoroTests */ = {
			isa = PBXNativeTarget;
			buildConfigurationList = B5925BD4281BE9F700831C65 /* Build configuration list for PBXNativeTarget "flexible_pomodoroTests" */;
			buildPhases = (
				B5925BB9281BE9F700831C65 /* Sources */,
				B5925BBA281BE9F700831C65 /* Frameworks */,
				B5925BBB281BE9F700831C65 /* Resources */,
			);
			buildRules = (
			);
			dependencies = (
				B5925BBF281BE9F700831C65 /* PBXTargetDependency */,
			);
			name = flexible_pomodoroTests;
			productName = flexible_pomodoroTests;
			productReference = B5925BBD281BE9F700831C65 /* flexible_pomodoroTests.xctest */;
			productType = "com.apple.product-type.bundle.unit-test";
		};
		B5925BC6281BE9F700831C65 /* flexible_pomodoroUITests */ = {
			isa = PBXNativeTarget;
			buildConfigurationList = B5925BD7281BE9F700831C65 /* Build configuration list for PBXNativeTarget "flexible_pomodoroUITests" */;
			buildPhases = (
				B5925BC3281BE9F700831C65 /* Sources */,
				B5925BC4281BE9F700831C65 /* Frameworks */,
				B5925BC5281BE9F700831C65 /* Resources */,
			);
			buildRules = (
			);
			dependencies = (
				B5925BC9281BE9F700831C65 /* PBXTargetDependency */,
			);
			name = flexible_pomodoroUITests;
			productName = flexible_pomodoroUITests;
			productReference = B5925BC7281BE9F700831C65 /* flexible_pomodoroUITests.xctest */;
			productType = "com.apple.product-type.bundle.ui-testing";
		};
/* End PBXNativeTarget section */

/* Begin PBXProject section */
		B5925BA0281BE9F400831C65 /* Project object */ = {
			isa = PBXProject;
			attributes = {
				BuildIndependentTargetsInParallel = 1;
				LastSwiftUpdateCheck = 1330;
				LastUpgradeCheck = 1330;
				TargetAttributes = {
					B5925BA7281BE9F400831C65 = {
						CreatedOnToolsVersion = 13.3.1;
					};
					B5925BBC281BE9F700831C65 = {
						CreatedOnToolsVersion = 13.3.1;
						TestTargetID = B5925BA7281BE9F400831C65;
					};
					B5925BC6281BE9F700831C65 = {
						CreatedOnToolsVersion = 13.3.1;
						TestTargetID = B5925BA7281BE9F400831C65;
					};
				};
			};
			buildConfigurationList = B5925BA3281BE9F400831C65 /* Build configuration list for PBXProject "flexible_pomodoro" */;
			compatibilityVersion = "Xcode 13.0";
			developmentRegion = en;
			hasScannedForEncodings = 0;
			knownRegions = (
				en,
				Base,
			);
			mainGroup = B5925B9F281BE9F400831C65;
			productRefGroup = B5925BA9281BE9F400831C65 /* Products */;
			projectDirPath = "";
			projectRoot = "";
			targets = (
				B5925BA7281BE9F400831C65 /* flexible_pomodoro */,
				B5925BBC281BE9F700831C65 /* flexible_pomodoroTests */,
				B5925BC6281BE9F700831C65 /* flexible_pomodoroUITests */,
			);
		};
/* End PBXProject section */

/* Begin PBXResourcesBuildPhase section */
		B5925BA6281BE9F400831C65 /* Resources */ = {
			isa = PBXResourcesBuildPhase;
			buildActionMask = 2147483647;
			files = (
				B5925BB3281BE9F700831C65 /* Preview Assets.xcassets in Resources */,
				B5925BB0281BE9F700831C65 /* Assets.xcassets in Resources */,
			);
			runOnlyForDeploymentPostprocessing = 0;
		};
		B5925BBB281BE9F700831C65 /* Resources */ = {
			isa = PBXResourcesBuildPhase;
			buildActionMask = 2147483647;
			files = (
			);
			runOnlyForDeploymentPostprocessing = 0;
		};
		B5925BC5281BE9F700831C65 /* Resources */ = {
			isa = PBXResourcesBuildPhase;
			buildActionMask = 2147483647;
			files = (
			);
			runOnlyForDeploymentPostprocessing = 0;
		};
/* End PBXResourcesBuildPhase section */

/* Begin PBXSourcesBuildPhase section */
		B5925BA4281BE9F400831C65 /* Sources */ = {
			isa = PBXSourcesBuildPhase;
			buildActionMask = 2147483647;
			files = (
				B54F2BBB28221ADF0076052E /* TimerView.swift in Sources */,
				B54F2BB928221AB40076052E /* TreeView.swift in Sources */,
				B5925BB5281BE9F700831C65 /* Persistence.swift in Sources */,
				B5925BAC281BE9F400831C65 /* flexible_pomodoroApp.swift in Sources */,
				B54F2BBE282256020076052E /* Prac.swift in Sources */,
				B5925BDD281D45B900831C65 /* Model.swift in Sources */,
				B51704BD2820CEDD00D79332 /* MainCenterView.swift in Sources */,
				B52CE3DC2834E1310022FBC7 /* DashBoardView.swift in Sources */,
				B5925BDB281BEC6A00831C65 /* MainView.swift in Sources */,
				B5925BB8281BE9F700831C65 /* flexible_pomodoro.xcdatamodeld in Sources */,
			);
			runOnlyForDeploymentPostprocessing = 0;
		};
		B5925BB9281BE9F700831C65 /* Sources */ = {
			isa = PBXSourcesBuildPhase;
			buildActionMask = 2147483647;
			files = (
				B5925BC2281BE9F700831C65 /* flexible_pomodoroTests.swift in Sources */,
			);
			runOnlyForDeploymentPostprocessing = 0;
		};
		B5925BC3281BE9F700831C65 /* Sources */ = {
			isa = PBXSourcesBuildPhase;
			buildActionMask = 2147483647;
			files = (
				B5925BCE281BE9F700831C65 /* flexible_pomodoroUITestsLaunchTests.swift in Sources */,
				B5925BCC281BE9F700831C65 /* flexible_pomodoroUITests.swift in Sources */,
			);
			runOnlyForDeploymentPostprocessing = 0;
		};
/* End PBXSourcesBuildPhase section */

/* Begin PBXTargetDependency section */
		B5925BBF281BE9F700831C65 /* PBXTargetDependency */ = {
			isa = PBXTargetDependency;
			target = B5925BA7281BE9F400831C65 /* flexible_pomodoro */;
			targetProxy = B5925BBE281BE9F700831C65 /* PBXContainerItemProxy */;
		};
		B5925BC9281BE9F700831C65 /* PBXTargetDependency */ = {
			isa = PBXTargetDependency;
			target = B5925BA7281BE9F400831C65 /* flexible_pomodoro */;
			targetProxy = B5925BC8281BE9F700831C65 /* PBXContainerItemProxy */;
		};
/* End PBXTargetDependency section */

/* Begin XCBuildConfiguration section */
		B5925BCF281BE9F700831C65 /* Debug */ = {
			isa = XCBuildConfiguration;
			buildSettings = {
				ALWAYS_SEARCH_USER_PATHS = NO;
				CLANG_ANALYZER_NONNULL = YES;
				CLANG_ANALYZER_NUMBER_OBJECT_CONVERSION = YES_AGGRESSIVE;
				CLANG_CXX_LANGUAGE_STANDARD = "gnu++17";
				CLANG_ENABLE_MODULES = YES;
				CLANG_ENABLE_OBJC_ARC = YES;
				CLANG_ENABLE_OBJC_WEAK = YES;
				CLANG_WARN_BLOCK_CAPTURE_AUTORELEASING = YES;
				CLANG_WARN_BOOL_CONVERSION = YES;
				CLANG_WARN_COMMA = YES;
				CLANG_WARN_CONSTANT_CONVERSION = YES;
				CLANG_WARN_DEPRECATED_OBJC_IMPLEMENTATIONS = YES;
				CLANG_WARN_DIRECT_OBJC_ISA_USAGE = YES_ERROR;
				CLANG_WARN_DOCUMENTATION_COMMENTS = YES;
				CLANG_WARN_EMPTY_BODY = YES;
				CLANG_WARN_ENUM_CONVERSION = YES;
				CLANG_WARN_INFINITE_RECURSION = YES;
				CLANG_WARN_INT_CONVERSION = YES;
				CLANG_WARN_NON_LITERAL_NULL_CONVERSION = YES;
				CLANG_WARN_OBJC_IMPLICIT_RETAIN_SELF = YES;
				CLANG_WARN_OBJC_LITERAL_CONVERSION = YES;
				CLANG_WARN_OBJC_ROOT_CLASS = YES_ERROR;
				CLANG_WARN_QUOTED_INCLUDE_IN_FRAMEWORK_HEADER = YES;
				CLANG_WARN_RANGE_LOOP_ANALYSIS = YES;
				CLANG_WARN_STRICT_PROTOTYPES = YES;
				CLANG_WARN_SUSPICIOUS_MOVE = YES;
				CLANG_WARN_UNGUARDED_AVAILABILITY = YES_AGGRESSIVE;
				CLANG_WARN_UNREACHABLE_CODE = YES;
				CLANG_WARN__DUPLICATE_METHOD_MATCH = YES;
				COPY_PHASE_STRIP = NO;
				DEBUG_INFORMATION_FORMAT = dwarf;
				ENABLE_STRICT_OBJC_MSGSEND = YES;
				ENABLE_TESTABILITY = YES;
				GCC_C_LANGUAGE_STANDARD = gnu11;
				GCC_DYNAMIC_NO_PIC = NO;
				GCC_NO_COMMON_BLOCKS = YES;
				GCC_OPTIMIZATION_LEVEL = 0;
				GCC_PREPROCESSOR_DEFINITIONS = (
					"DEBUG=1",
					"$(inherited)",
				);
				GCC_WARN_64_TO_32_BIT_CONVERSION = YES;
				GCC_WARN_ABOUT_RETURN_TYPE = YES_ERROR;
				GCC_WARN_UNDECLARED_SELECTOR = YES;
				GCC_WARN_UNINITIALIZED_AUTOS = YES_AGGRESSIVE;
				GCC_WARN_UNUSED_FUNCTION = YES;
				GCC_WARN_UNUSED_VARIABLE = YES;
				IPHONEOS_DEPLOYMENT_TARGET = 15.4;
				MTL_ENABLE_DEBUG_INFO = INCLUDE_SOURCE;
				MTL_FAST_MATH = YES;
				ONLY_ACTIVE_ARCH = YES;
				SDKROOT = iphoneos;
				SWIFT_ACTIVE_COMPILATION_CONDITIONS = DEBUG;
				SWIFT_OPTIMIZATION_LEVEL = "-Onone";
			};
			name = Debug;
		};
		B5925BD0281BE9F700831C65 /* Release */ = {
			isa = XCBuildConfiguration;
			buildSettings = {
				ALWAYS_SEARCH_USER_PATHS = NO;
				CLANG_ANALYZER_NONNULL = YES;
				CLANG_ANALYZER_NUMBER_OBJECT_CONVERSION = YES_AGGRESSIVE;
				CLANG_CXX_LANGUAGE_STANDARD = "gnu++17";
				CLANG_ENABLE_MODULES = YES;
				CLANG_ENABLE_OBJC_ARC = YES;
				CLANG_ENABLE_OBJC_WEAK = YES;
				CLANG_WARN_BLOCK_CAPTURE_AUTORELEASING = YES;
				CLANG_WARN_BOOL_CONVERSION = YES;
				CLANG_WARN_COMMA = YES;
				CLANG_WARN_CONSTANT_CONVERSION = YES;
				CLANG_WARN_DEPRECATED_OBJC_IMPLEMENTATIONS = YES;
				CLANG_WARN_DIRECT_OBJC_ISA_USAGE = YES_ERROR;
				CLANG_WARN_DOCUMENTATION_COMMENTS = YES;
				CLANG_WARN_EMPTY_BODY = YES;
				CLANG_WARN_ENUM_CONVERSION = YES;
				CLANG_WARN_INFINITE_RECURSION = YES;
				CLANG_WARN_INT_CONVERSION = YES;
				CLANG_WARN_NON_LITERAL_NULL_CONVERSION = YES;
				CLANG_WARN_OBJC_IMPLICIT_RETAIN_SELF = YES;
				CLANG_WARN_OBJC_LITERAL_CONVERSION = YES;
				CLANG_WARN_OBJC_ROOT_CLASS = YES_ERROR;
				CLANG_WARN_QUOTED_INCLUDE_IN_FRAMEWORK_HEADER = YES;
				CLANG_WARN_RANGE_LOOP_ANALYSIS = YES;
				CLANG_WARN_STRICT_PROTOTYPES = YES;
				CLANG_WARN_SUSPICIOUS_MOVE = YES;
				CLANG_WARN_UNGUARDED_AVAILABILITY = YES_AGGRESSIVE;
				CLANG_WARN_UNREACHABLE_CODE = YES;
				CLANG_WARN__DUPLICATE_METHOD_MATCH = YES;
				COPY_PHASE_STRIP = NO;
				DEBUG_INFORMATION_FORMAT = "dwarf-with-dsym";
				ENABLE_NS_ASSERTIONS = NO;
				ENABLE_STRICT_OBJC_MSGSEND = YES;
				GCC_C_LANGUAGE_STANDARD = gnu11;
				GCC_NO_COMMON_BLOCKS = YES;
				GCC_WARN_64_TO_32_BIT_CONVERSION = YES;
				GCC_WARN_ABOUT_RETURN_TYPE = YES_ERROR;
				GCC_WARN_UNDECLARED_SELECTOR = YES;
				GCC_WARN_UNINITIALIZED_AUTOS = YES_AGGRESSIVE;
				GCC_WARN_UNUSED_FUNCTION = YES;
				GCC_WARN_UNUSED_VARIABLE = YES;
				IPHONEOS_DEPLOYMENT_TARGET = 15.4;
				MTL_ENABLE_DEBUG_INFO = NO;
				MTL_FAST_MATH = YES;
				SDKROOT = iphoneos;
				SWIFT_COMPILATION_MODE = wholemodule;
				SWIFT_OPTIMIZATION_LEVEL = "-O";
				VALIDATE_PRODUCT = YES;
			};
			name = Release;
		};
		B5925BD2281BE9F700831C65 /* Debug */ = {
			isa = XCBuildConfiguration;
			buildSettings = {
				ASSETCATALOG_COMPILER_APPICON_NAME = AppIcon;
				ASSETCATALOG_COMPILER_GLOBAL_ACCENT_COLOR_NAME = AccentColor;
				CODE_SIGN_STYLE = Automatic;
				CURRENT_PROJECT_VERSION = 1;
				DEVELOPMENT_ASSET_PATHS = "\"flexible_pomodoro/Preview Content\"";
				DEVELOPMENT_TEAM = Y7G824SH3W;
				ENABLE_PREVIEWS = YES;
				GENERATE_INFOPLIST_FILE = YES;
				INFOPLIST_FILE = "flexible-pomodoro-Info.plist";
				INFOPLIST_KEY_UIApplicationSceneManifest_Generation = YES;
				INFOPLIST_KEY_UIApplicationSupportsIndirectInputEvents = YES;
				INFOPLIST_KEY_UILaunchScreen_Generation = YES;
				INFOPLIST_KEY_UISupportedInterfaceOrientations_iPad = "UIInterfaceOrientationPortrait UIInterfaceOrientationPortraitUpsideDown UIInterfaceOrientationLandscapeLeft UIInterfaceOrientationLandscapeRight";
				INFOPLIST_KEY_UISupportedInterfaceOrientations_iPhone = "UIInterfaceOrientationPortrait UIInterfaceOrientationLandscapeLeft UIInterfaceOrientationLandscapeRight";
				LD_RUNPATH_SEARCH_PATHS = (
					"$(inherited)",
					"@executable_path/Frameworks",
				);
				MARKETING_VERSION = 1.0;
				PRODUCT_BUNDLE_IDENTIFIER = "developer.cozy.flexible-pomodoro";
				PRODUCT_NAME = "$(TARGET_NAME)";
				SWIFT_EMIT_LOC_STRINGS = YES;
				SWIFT_VERSION = 5.0;
				TARGETED_DEVICE_FAMILY = "1,2";
			};
			name = Debug;
		};
		B5925BD3281BE9F700831C65 /* Release */ = {
			isa = XCBuildConfiguration;
			buildSettings = {
				ASSETCATALOG_COMPILER_APPICON_NAME = AppIcon;
				ASSETCATALOG_COMPILER_GLOBAL_ACCENT_COLOR_NAME = AccentColor;
				CODE_SIGN_STYLE = Automatic;
				CURRENT_PROJECT_VERSION = 1;
				DEVELOPMENT_ASSET_PATHS = "\"flexible_pomodoro/Preview Content\"";
				DEVELOPMENT_TEAM = Y7G824SH3W;
				ENABLE_PREVIEWS = YES;
				GENERATE_INFOPLIST_FILE = YES;
				INFOPLIST_FILE = "flexible-pomodoro-Info.plist";
				INFOPLIST_KEY_UIApplicationSceneManifest_Generation = YES;
				INFOPLIST_KEY_UIApplicationSupportsIndirectInputEvents = YES;
				INFOPLIST_KEY_UILaunchScreen_Generation = YES;
				INFOPLIST_KEY_UISupportedInterfaceOrientations_iPad = "UIInterfaceOrientationPortrait UIInterfaceOrientationPortraitUpsideDown UIInterfaceOrientationLandscapeLeft UIInterfaceOrientationLandscapeRight";
				INFOPLIST_KEY_UISupportedInterfaceOrientations_iPhone = "UIInterfaceOrientationPortrait UIInterfaceOrientationLandscapeLeft UIInterfaceOrientationLandscapeRight";
				LD_RUNPATH_SEARCH_PATHS = (
					"$(inherited)",
					"@executable_path/Frameworks",
				);
				MARKETING_VERSION = 1.0;
				PRODUCT_BUNDLE_IDENTIFIER = "developer.cozy.flexible-pomodoro";
				PRODUCT_NAME = "$(TARGET_NAME)";
				SWIFT_EMIT_LOC_STRINGS = YES;
				SWIFT_VERSION = 5.0;
				TARGETED_DEVICE_FAMILY = "1,2";
			};
			name = Release;
		};
		B5925BD5281BE9F700831C65 /* Debug */ = {
			isa = XCBuildConfiguration;
			buildSettings = {
				ALWAYS_EMBED_SWIFT_STANDARD_LIBRARIES = YES;
				BUNDLE_LOADER = "$(TEST_HOST)";
				CODE_SIGN_STYLE = Automatic;
				CURRENT_PROJECT_VERSION = 1;
				DEVELOPMENT_TEAM = Y7G824SH3W;
				GENERATE_INFOPLIST_FILE = YES;
				IPHONEOS_DEPLOYMENT_TARGET = 15.4;
				MARKETING_VERSION = 1.0;
				PRODUCT_BUNDLE_IDENTIFIER = "developer.cozy.flexible-pomodoroTests";
				PRODUCT_NAME = "$(TARGET_NAME)";
				SWIFT_EMIT_LOC_STRINGS = NO;
				SWIFT_VERSION = 5.0;
				TARGETED_DEVICE_FAMILY = "1,2";
				TEST_HOST = "$(BUILT_PRODUCTS_DIR)/flexible_pomodoro.app/flexible_pomodoro";
			};
			name = Debug;
		};
		B5925BD6281BE9F700831C65 /* Release */ = {
			isa = XCBuildConfiguration;
			buildSettings = {
				ALWAYS_EMBED_SWIFT_STANDARD_LIBRARIES = YES;
				BUNDLE_LOADER = "$(TEST_HOST)";
				CODE_SIGN_STYLE = Automatic;
				CURRENT_PROJECT_VERSION = 1;
				DEVELOPMENT_TEAM = Y7G824SH3W;
				GENERATE_INFOPLIST_FILE = YES;
				IPHONEOS_DEPLOYMENT_TARGET = 15.4;
				MARKETING_VERSION = 1.0;
				PRODUCT_BUNDLE_IDENTIFIER = "developer.cozy.flexible-pomodoroTests";
				PRODUCT_NAME = "$(TARGET_NAME)";
				SWIFT_EMIT_LOC_STRINGS = NO;
				SWIFT_VERSION = 5.0;
				TARGETED_DEVICE_FAMILY = "1,2";
				TEST_HOST = "$(BUILT_PRODUCTS_DIR)/flexible_pomodoro.app/flexible_pomodoro";
			};
			name = Release;
		};
		B5925BD8281BE9F700831C65 /* Debug */ = {
			isa = XCBuildConfiguration;
			buildSettings = {
				ALWAYS_EMBED_SWIFT_STANDARD_LIBRARIES = YES;
				CODE_SIGN_STYLE = Automatic;
				CURRENT_PROJECT_VERSION = 1;
				DEVELOPMENT_TEAM = Y7G824SH3W;
				GENERATE_INFOPLIST_FILE = YES;
				MARKETING_VERSION = 1.0;
				PRODUCT_BUNDLE_IDENTIFIER = "developer.cozy.flexible-pomodoroUITests";
				PRODUCT_NAME = "$(TARGET_NAME)";
				SWIFT_EMIT_LOC_STRINGS = NO;
				SWIFT_VERSION = 5.0;
				TARGETED_DEVICE_FAMILY = "1,2";
				TEST_TARGET_NAME = flexible_pomodoro;
			};
			name = Debug;
		};
		B5925BD9281BE9F700831C65 /* Release */ = {
			isa = XCBuildConfiguration;
			buildSettings = {
				ALWAYS_EMBED_SWIFT_STANDARD_LIBRARIES = YES;
				CODE_SIGN_STYLE = Automatic;
				CURRENT_PROJECT_VERSION = 1;
				DEVELOPMENT_TEAM = Y7G824SH3W;
				GENERATE_INFOPLIST_FILE = YES;
				MARKETING_VERSION = 1.0;
				PRODUCT_BUNDLE_IDENTIFIER = "developer.cozy.flexible-pomodoroUITests";
				PRODUCT_NAME = "$(TARGET_NAME)";
				SWIFT_EMIT_LOC_STRINGS = NO;
				SWIFT_VERSION = 5.0;
				TARGETED_DEVICE_FAMILY = "1,2";
				TEST_TARGET_NAME = flexible_pomodoro;
			};
			name = Release;
		};
/* End XCBuildConfiguration section */

/* Begin XCConfigurationList section */
		B5925BA3281BE9F400831C65 /* Build configuration list for PBXProject "flexible_pomodoro" */ = {
			isa = XCConfigurationList;
			buildConfigurations = (
				B5925BCF281BE9F700831C65 /* Debug */,
				B5925BD0281BE9F700831C65 /* Release */,
			);
			defaultConfigurationIsVisible = 0;
			defaultConfigurationName = Release;
		};
		B5925BD1281BE9F700831C65 /* Build configuration list for PBXNativeTarget "flexible_pomodoro" */ = {
			isa = XCConfigurationList;
			buildConfigurations = (
				B5925BD2281BE9F700831C65 /* Debug */,
				B5925BD3281BE9F700831C65 /* Release */,
			);
			defaultConfigurationIsVisible = 0;
			defaultConfigurationName = Release;
		};
		B5925BD4281BE9F700831C65 /* Build configuration list for PBXNativeTarget "flexible_pomodoroTests" */ = {
			isa = XCConfigurationList;
			buildConfigurations = (
				B5925BD5281BE9F700831C65 /* Debug */,
				B5925BD6281BE9F700831C65 /* Release */,
			);
			defaultConfigurationIsVisible = 0;
			defaultConfigurationName = Release;
		};
		B5925BD7281BE9F700831C65 /* Build configuration list for PBXNativeTarget "flexible_pomodoroUITests" */ = {
			isa = XCConfigurationList;
			buildConfigurations = (
				B5925BD8281BE9F700831C65 /* Debug */,
				B5925BD9281BE9F700831C65 /* Release */,
			);
			defaultConfigurationIsVisible = 0;
			defaultConfigurationName = Release;
		};
/* End XCConfigurationList section */

/* Begin XCVersionGroup section */
		B5925BB6281BE9F700831C65 /* flexible_pomodoro.xcdatamodeld */ = {
			isa = XCVersionGroup;
			children = (
				B5925BB7281BE9F700831C65 /* flexible_pomodoro.xcdatamodel */,
			);
			currentVersion = B5925BB7281BE9F700831C65 /* flexible_pomodoro.xcdatamodel */;
			path = flexible_pomodoro.xcdatamodeld;
			sourceTree = "<group>";
			versionGroupType = wrapper.xcdatamodel;
		};
/* End XCVersionGroup section */
	};
	rootObject = B5925BA0281BE9F400831C65 /* Project object */;
}
